{
  "originHash" : "c5b46978f191acf1fa2969bfa7075cc6969d51638d25acd97c89a10a65dce75c",
  "pins" : [
    {
      "identity" : "tomldecoder",
      "kind" : "remoteSourceControl",
      "location" : "https://github.com/dduan/TOMLDecoder",
      "state" : {
        "revision" : "a2bbd2796fe3064e107de18cb56031052c4fa899",
        "version" : "0.4.5"
      }
    }
  ],
  "version" : 3
}
